
Microsoft Visual Studio Solution File, Format Version 12.00
# Visual Studio Version 16
VisualStudioVersion = 16.0.30517.126
MinimumVisualStudioVersion = 10.0.40219.1
Project("{FAE04EC0-301F-11D3-BF4B-00C04F79EFBC}") = "RIWinformAssignement1", "RIWinformAssignement1\RIWinformAssignement1.csproj", "{CC4AC520-DE80-4D20-AEF3-C4F44963A326}"
EndProject
Global
	GlobalSection(SolutionConfigurationPlatforms) = preSolution
		Debug|Any CPU = Debug|Any CPU
		Release|Any CPU = Release|Any CPU
	EndGlobalSection
	GlobalSection(ProjectConfigurationPlatforms) = postSolution
		{CC4AC520-DE80-4D20-AEF3-C4F44963A326}.Debug|Any CPU.ActiveCfg = Debug|Any CPU
		{CC4AC520-DE80-4D20-AEF3-C4F44963A326}.Debug|Any CPU.Build.0 = Debug|Any CPU
		{CC4AC520-DE80-4D20-AEF3-C4F44963A326}.Release|Any CPU.ActiveCfg = Release|Any CPU
		{CC4AC520-DE80-4D20-AEF3-C4F44963A326}.Release|Any CPU.Build.0 = Release|Any CPU
	EndGlobalSection
	GlobalSection(SolutionProperties) = preSolution
		HideSolutionNode = FALSE
	EndGlobalSection
	GlobalSection(ExtensibilityGlobals) = postSolution
		SolutionGuid = {268C7FF4-79F4-427E-8E8D-F6F574CC7126}
	EndGlobalSection
EndGlobal
